// !$*UTF8*$!
{
	archiveVersion = 1;
	classes = {
	};
	objectVersion = 46;
	objects = {

/* Begin PBXBuildFile section */
		E624B55A1FFB8E140070D136 /* ico_notes.png in Resources */ = {isa = PBXBuildFile; fileRef = E624B5591FFB8E140070D136 /* ico_notes.png */; };
		E6335DAF1FE918C30090B7AD /* ic_rocket.png in Resources */ = {isa = PBXBuildFile; fileRef = E6335DAB1FE918C20090B7AD /* ic_rocket.png */; };
		E6335DB01FE918C30090B7AD /* ic_bar_chart.png in Resources */ = {isa = PBXBuildFile; fileRef = E6335DAC1FE918C20090B7AD /* ic_bar_chart.png */; };
		E6335DB11FE918C30090B7AD /* ic_gift.png in Resources */ = {isa = PBXBuildFile; fileRef = E6335DAD1FE918C20090B7AD /* ic_gift.png */; };
		E6335DB21FE918C30090B7AD /* ic_gamepad.png in Resources */ = {isa = PBXBuildFile; fileRef = E6335DAE1FE918C30090B7AD /* ic_gamepad.png */; };
		E6377CB21FEE435100289F4E /* ico_trainings.png in Resources */ = {isa = PBXBuildFile; fileRef = E6377CAB1FEE435000289F4E /* ico_trainings.png */; };
		E6377CB31FEE435100289F4E /* ico_learningplans.png in Resources */ = {isa = PBXBuildFile; fileRef = E6377CAC1FEE435000289F4E /* ico_learningplans.png */; };
		E6377CB41FEE435100289F4E /* ico_achievements.png in Resources */ = {isa = PBXBuildFile; fileRef = E6377CAD1FEE435000289F4E /* ico_achievements.png */; };
		E6377CB51FEE435100289F4E /* ico_chatroom.png in Resources */ = {isa = PBXBuildFile; fileRef = E6377CAE1FEE435100289F4E /* ico_chatroom.png */; };
		E6377CB61FEE435100289F4E /* ico_dashboard.png in Resources */ = {isa = PBXBuildFile; fileRef = E6377CAF1FEE435100289F4E /* ico_dashboard.png */; };
		E6377CB71FEE435100289F4E /* ico_messages.png in Resources */ = {isa = PBXBuildFile; fileRef = E6377CB01FEE435100289F4E /* ico_messages.png */; };
		E6377CB81FEE435100289F4E /* ico_modules.png in Resources */ = {isa = PBXBuildFile; fileRef = E6377CB11FEE435100289F4E /* ico_modules.png */; };
		E6377CBA1FEE6BC100289F4E /* ico_settings.png in Resources */ = {isa = PBXBuildFile; fileRef = E6377CB91FEE6BC000289F4E /* ico_settings.png */; };
		E66D5B291F8B7C220063EDEC /* AppDelegate.swift in Sources */ = {isa = PBXBuildFile; fileRef = E66D5B281F8B7C220063EDEC /* AppDelegate.swift */; };
		E66D5B2B1F8B7C220063EDEC /* ViewController.swift in Sources */ = {isa = PBXBuildFile; fileRef = E66D5B2A1F8B7C220063EDEC /* ViewController.swift */; };
		E66D5B2E1F8B7C220063EDEC /* Main.storyboard in Resources */ = {isa = PBXBuildFile; fileRef = E66D5B2C1F8B7C220063EDEC /* Main.storyboard */; };
		E66D5B301F8B7C220063EDEC /* Assets.xcassets in Resources */ = {isa = PBXBuildFile; fileRef = E66D5B2F1F8B7C220063EDEC /* Assets.xcassets */; };
		E66D5B4D1F8CADDA0063EDEC /* DashboardVC.swift in Sources */ = {isa = PBXBuildFile; fileRef = E66D5B4C1F8CADDA0063EDEC /* DashboardVC.swift */; };
		E66D5B531F8CBB560063EDEC /* MessageTableViewCell.swift in Sources */ = {isa = PBXBuildFile; fileRef = E66D5B521F8CBB560063EDEC /* MessageTableViewCell.swift */; };
		E66D5B551F8CBDF20063EDEC /* MessageTableViewController.swift in Sources */ = {isa = PBXBuildFile; fileRef = E66D5B541F8CBDF20063EDEC /* MessageTableViewController.swift */; };
		E66D5B621F8E0B2C0063EDEC /* NotificationTableViewCell.swift in Sources */ = {isa = PBXBuildFile; fileRef = E66D5B611F8E0B2C0063EDEC /* NotificationTableViewCell.swift */; };
		E66D5B661F8E33760063EDEC /* ActiveLearningPlanCollectionViewCell.swift in Sources */ = {isa = PBXBuildFile; fileRef = E66D5B651F8E33760063EDEC /* ActiveLearningPlanCollectionViewCell.swift */; };
		E6821D5E1FEA6F380001E7C9 /* login_logo.png in Resources */ = {isa = PBXBuildFile; fileRef = E6821D5D1FEA6F380001E7C9 /* login_logo.png */; };
		E6821D601FEA6F730001E7C9 /* background2.jpg in Resources */ = {isa = PBXBuildFile; fileRef = E6821D5F1FEA6F730001E7C9 /* background2.jpg */; };
		E6AB50BD200350EB00F19825 /* ico_achievement.png in Resources */ = {isa = PBXBuildFile; fileRef = E6AB50BC200350EB00F19825 /* ico_achievement.png */; };
		E6D8E1BF1FEF93FF00F392DF /* ico_logout.png in Resources */ = {isa = PBXBuildFile; fileRef = E6D8E1BC1FEF93FB00F392DF /* ico_logout.png */; };
		E6D8E1C01FEF93FF00F392DF /* ico_changepassword.png in Resources */ = {isa = PBXBuildFile; fileRef = E6D8E1BD1FEF93FC00F392DF /* ico_changepassword.png */; };
		E6D8E1C11FEF93FF00F392DF /* ico_updateprofile.png in Resources */ = {isa = PBXBuildFile; fileRef = E6D8E1BE1FEF93FD00F392DF /* ico_updateprofile.png */; };
		F612B07420077FC80065C015 /* UserNotifications.framework in Frameworks */ = {isa = PBXBuildFile; fileRef = F612B07320077FC80065C015 /* UserNotifications.framework */; };
		F62F587F1FF37B2200EDFEF1 /* MessageDetailViewController.swift in Sources */ = {isa = PBXBuildFile; fileRef = F62F587E1FF37B2200EDFEF1 /* MessageDetailViewController.swift */; };
		F63982211FBB0B9200DA61B1 /* right.xcdatamodeld in Sources */ = {isa = PBXBuildFile; fileRef = F639821F1FBB0B9200DA61B1 /* right.xcdatamodeld */; };
		F63EE2732000E71200403994 /* UpdateProfileViewController.swift in Sources */ = {isa = PBXBuildFile; fileRef = F63EE26F2000E71100403994 /* UpdateProfileViewController.swift */; };
		F63EE2742000E71200403994 /* CreateMessageTableViewController.swift in Sources */ = {isa = PBXBuildFile; fileRef = F63EE2702000E71100403994 /* CreateMessageTableViewController.swift */; };
		F63EE2752000E71200403994 /* ProgressHUD.swift in Sources */ = {isa = PBXBuildFile; fileRef = F63EE2712000E71200403994 /* ProgressHUD.swift */; };
		F63EE2762000E71200403994 /* CompanyUserMgr.swift in Sources */ = {isa = PBXBuildFile; fileRef = F63EE2722000E71200403994 /* CompanyUserMgr.swift */; };
		F64A985A1FCEDC8B001858DE /* MyAchievements.swift in Sources */ = {isa = PBXBuildFile; fileRef = F64A98591FCEDC8B001858DE /* MyAchievements.swift */; };
		F64A985C1FCFCEA3001858DE /* BadgeTableViewCell.swift in Sources */ = {isa = PBXBuildFile; fileRef = F64A985B1FCFCEA2001858DE /* BadgeTableViewCell.swift */; };
		F64A98671FD016AD001858DE /* UICircularProgressRingView.swift in Sources */ = {isa = PBXBuildFile; fileRef = F64A98631FD016AD001858DE /* UICircularProgressRingView.swift */; };
		F64A98681FD016AD001858DE /* UICircularProgressRingDelegate.swift in Sources */ = {isa = PBXBuildFile; fileRef = F64A98641FD016AD001858DE /* UICircularProgressRingDelegate.swift */; };
		F64A98691FD016AD001858DE /* UICircularProgressRingLayer.swift in Sources */ = {isa = PBXBuildFile; fileRef = F64A98651FD016AD001858DE /* UICircularProgressRingLayer.swift */; };
		F64A986B1FD01782001858DE /* CoreDataManager.swift in Sources */ = {isa = PBXBuildFile; fileRef = F64A986A1FD01781001858DE /* CoreDataManager.swift */; };
		F64A986E1FD019DD001858DE /* PreferencesUtil.swift in Sources */ = {isa = PBXBuildFile; fileRef = F64A986C1FD019DD001858DE /* PreferencesUtil.swift */; };
		F64A986F1FD019DD001858DE /* DateUtil.swift in Sources */ = {isa = PBXBuildFile; fileRef = F64A986D1FD019DD001858DE /* DateUtil.swift */; };
		F64A98721FD01A00001858DE /* StringConstants.swift in Sources */ = {isa = PBXBuildFile; fileRef = F64A98701FD01A00001858DE /* StringConstants.swift */; };
		F64A98731FD01A00001858DE /* MessageFormat.swift in Sources */ = {isa = PBXBuildFile; fileRef = F64A98711FD01A00001858DE /* MessageFormat.swift */; };
		F64A98761FD01A82001858DE /* DashboardMgr.swift in Sources */ = {isa = PBXBuildFile; fileRef = F64A98741FD01A82001858DE /* DashboardMgr.swift */; };
		F64A98771FD01A82001858DE /* UserMgr.swift in Sources */ = {isa = PBXBuildFile; fileRef = F64A98751FD01A82001858DE /* UserMgr.swift */; };
		F64A987C1FD01ADF001858DE /* ActiveLearningPlan.swift in Sources */ = {isa = PBXBuildFile; fileRef = F64A98781FD01ADF001858DE /* ActiveLearningPlan.swift */; };
		F64A987D1FD01ADF001858DE /* Badge.swift in Sources */ = {isa = PBXBuildFile; fileRef = F64A98791FD01ADF001858DE /* Badge.swift */; };
		F64A987E1FD01ADF001858DE /* Message.swift in Sources */ = {isa = PBXBuildFile; fileRef = F64A987A1FD01ADF001858DE /* Message.swift */; };
		F64A987F1FD01ADF001858DE /* Notification.swift in Sources */ = {isa = PBXBuildFile; fileRef = F64A987B1FD01ADF001858DE /* Notification.swift */; };
		F64A98811FD01B57001858DE /* ServiceHandler.swift in Sources */ = {isa = PBXBuildFile; fileRef = F64A98801FD01B57001858DE /* ServiceHandler.swift */; };
		F64A98851FD15E18001858DE /* PageViewController.swift in Sources */ = {isa = PBXBuildFile; fileRef = F64A98841FD15E18001858DE /* PageViewController.swift */; };
		F64A98871FD16AF0001858DE /* LaunchModuleViewController.swift in Sources */ = {isa = PBXBuildFile; fileRef = F64A98861FD16AF0001858DE /* LaunchModuleViewController.swift */; };
		F64A98891FD2B630001858DE /* TrainingViewController.swift in Sources */ = {isa = PBXBuildFile; fileRef = F64A98881FD2B630001858DE /* TrainingViewController.swift */; };
		F64A988B1FD2CFCD001858DE /* ModuleViewController.swift in Sources */ = {isa = PBXBuildFile; fileRef = F64A988A1FD2CFCD001858DE /* ModuleViewController.swift */; };
		F64A988F1FD5548B001858DE /* TrainingTableViewCell.swift in Sources */ = {isa = PBXBuildFile; fileRef = F64A988E1FD5548B001858DE /* TrainingTableViewCell.swift */; };
		F692B7061FDFAFEE00AD8745 /* Checkbox.swift in Sources */ = {isa = PBXBuildFile; fileRef = F692B7031FDFAFEE00AD8745 /* Checkbox.swift */; };
		F692B7071FDFAFEE00AD8745 /* SSRadioButton.swift in Sources */ = {isa = PBXBuildFile; fileRef = F692B7041FDFAFEE00AD8745 /* SSRadioButton.swift */; };
		F692B7081FDFAFEE00AD8745 /* SSRadioButtonsController.swift in Sources */ = {isa = PBXBuildFile; fileRef = F692B7051FDFAFEE00AD8745 /* SSRadioButtonsController.swift */; };
		F692B70C1FDFD42100AD8745 /* ic_check_box.png in Resources */ = {isa = PBXBuildFile; fileRef = F692B70A1FDFD42100AD8745 /* ic_check_box.png */; };
		F692B70D1FDFD42100AD8745 /* ic_check_box_outline_blank.png in Resources */ = {isa = PBXBuildFile; fileRef = F692B70B1FDFD42100AD8745 /* ic_check_box_outline_blank.png */; };
		F692B70F1FE23D2800AD8745 /* ModuleProgressMgr.swift in Sources */ = {isa = PBXBuildFile; fileRef = F692B70E1FE23D2800AD8745 /* ModuleProgressMgr.swift */; };
		F6B63D491FEBC7CC00886264 /* TrainingTabController.swift in Sources */ = {isa = PBXBuildFile; fileRef = F6B63D481FEBC7CC00886264 /* TrainingTabController.swift */; };
		F6B63D881FEE551700886264 /* MainTabController.swift in Sources */ = {isa = PBXBuildFile; fileRef = F6B63D871FEE551700886264 /* MainTabController.swift */; };
		F6B63D8C1FEF6A1D00886264 /* SettingsTableViewController.swift in Sources */ = {isa = PBXBuildFile; fileRef = F6B63D8B1FEF6A1D00886264 /* SettingsTableViewController.swift */; };
		F6B63D8E1FEF72A200886264 /* ChangePasswordViewController.swift in Sources */ = {isa = PBXBuildFile; fileRef = F6B63D8D1FEF72A200886264 /* ChangePasswordViewController.swift */; };
		F6B63D901FEF895B00886264 /* NotesViewController.swift in Sources */ = {isa = PBXBuildFile; fileRef = F6B63D8F1FEF895B00886264 /* NotesViewController.swift */; };
		F6B63D921FEF8A3400886264 /* Notes.swift in Sources */ = {isa = PBXBuildFile; fileRef = F6B63D911FEF8A3400886264 /* Notes.swift */; };
		F6B63D961FF20A1800886264 /* NotesTableViewCell.swift in Sources */ = {isa = PBXBuildFile; fileRef = F6B63D951FF20A1800886264 /* NotesTableViewCell.swift */; };
		F6B63D981FF2533100886264 /* CreateNoteViewController.swift in Sources */ = {isa = PBXBuildFile; fileRef = F6B63D971FF2533000886264 /* CreateNoteViewController.swift */; };
		F6C85BEA1FD8181300BF4987 /* ModuleTableViewCell.swift in Sources */ = {isa = PBXBuildFile; fileRef = F6C85BE91FD8181300BF4987 /* ModuleTableViewCell.swift */; };
		F6C85C2B1FDA929000BF4987 /* PageItemController.swift in Sources */ = {isa = PBXBuildFile; fileRef = F6C85C2A1FDA929000BF4987 /* PageItemController.swift */; };
		F6DBB5661FF4F7C900386125 /* MessageChatController.swift in Sources */ = {isa = PBXBuildFile; fileRef = F6DBB5651FF4F7C900386125 /* MessageChatController.swift */; };
		F6DBB56B1FF4F96200386125 /* Inputbar.swift in Sources */ = {isa = PBXBuildFile; fileRef = F6DBB5681FF4F96200386125 /* Inputbar.swift */; };
		F6DBB56C1FF4F96200386125 /* LocalStorage.swift in Sources */ = {isa = PBXBuildFile; fileRef = F6DBB5691FF4F96200386125 /* LocalStorage.swift */; };
		F6DBB56D1FF4F96200386125 /* TableArray.swift in Sources */ = {isa = PBXBuildFile; fileRef = F6DBB56A1FF4F96200386125 /* TableArray.swift */; };
		F6DBB5751FF4F97C00386125 /* DAKeyboardControl.m in Sources */ = {isa = PBXBuildFile; fileRef = F6DBB5701FF4F97C00386125 /* DAKeyboardControl.m */; };
		F6DBB5761FF4F97C00386125 /* HPGrowingTextView.m in Sources */ = {isa = PBXBuildFile; fileRef = F6DBB5721FF4F97C00386125 /* HPGrowingTextView.m */; };
		F6DBB5771FF4F97C00386125 /* HPTextViewInternal.m in Sources */ = {isa = PBXBuildFile; fileRef = F6DBB5741FF4F97C00386125 /* HPTextViewInternal.m */; };
		F6DBB5821FF50A3200386125 /* Chat.swift in Sources */ = {isa = PBXBuildFile; fileRef = F6DBB57F1FF50A3100386125 /* Chat.swift */; };
		F6DBB5831FF50A3200386125 /* Contact.swift in Sources */ = {isa = PBXBuildFile; fileRef = F6DBB5801FF50A3200386125 /* Contact.swift */; };
		F6DBB5841FF50A3200386125 /* MessageDetail.swift in Sources */ = {isa = PBXBuildFile; fileRef = F6DBB5811FF50A3200386125 /* MessageDetail.swift */; };
		F6DBB5891FF50DBB00386125 /* MessageGateway.swift in Sources */ = {isa = PBXBuildFile; fileRef = F6DBB5881FF50DBB00386125 /* MessageGateway.swift */; };
		F6DBB58D1FF50FC000386125 /* ChatCell.swift in Sources */ = {isa = PBXBuildFile; fileRef = F6DBB58B1FF50FC000386125 /* ChatCell.swift */; };
		F6DBB58E1FF50FC000386125 /* MessageCell.swift in Sources */ = {isa = PBXBuildFile; fileRef = F6DBB58C1FF50FC000386125 /* MessageCell.swift */; };
		F6F078231FFDF17600120DA7 /* ChatViewController.swift in Sources */ = {isa = PBXBuildFile; fileRef = F6F078221FFDF17600120DA7 /* ChatViewController.swift */; };
		F6F078251FFE054400120DA7 /* ChatModel.swift in Sources */ = {isa = PBXBuildFile; fileRef = F6F078241FFE054400120DA7 /* ChatModel.swift */; };
		F6F078271FFE0A6700120DA7 /* ChatRoomTableViewCell.swift in Sources */ = {isa = PBXBuildFile; fileRef = F6F078261FFE0A6700120DA7 /* ChatRoomTableViewCell.swift */; };
		F6F078291FFE27B900120DA7 /* ChatDetailController.swift in Sources */ = {isa = PBXBuildFile; fileRef = F6F078281FFE27B900120DA7 /* ChatDetailController.swift */; };
/* End PBXBuildFile section */

/* Begin PBXFileReference section */
		E624B5591FFB8E140070D136 /* ico_notes.png */ = {isa = PBXFileReference; lastKnownFileType = image.png; path = ico_notes.png; sourceTree = "<group>"; };
		E6335DAB1FE918C20090B7AD /* ic_rocket.png */ = {isa = PBXFileReference; lastKnownFileType = image.png; path = ic_rocket.png; sourceTree = "<group>"; };
		E6335DAC1FE918C20090B7AD /* ic_bar_chart.png */ = {isa = PBXFileReference; lastKnownFileType = image.png; path = ic_bar_chart.png; sourceTree = "<group>"; };
		E6335DAD1FE918C20090B7AD /* ic_gift.png */ = {isa = PBXFileReference; lastKnownFileType = image.png; path = ic_gift.png; sourceTree = "<group>"; };
		E6335DAE1FE918C30090B7AD /* ic_gamepad.png */ = {isa = PBXFileReference; lastKnownFileType = image.png; path = ic_gamepad.png; sourceTree = "<group>"; };
		E6377CAB1FEE435000289F4E /* ico_trainings.png */ = {isa = PBXFileReference; lastKnownFileType = image.png; path = ico_trainings.png; sourceTree = "<group>"; };
		E6377CAC1FEE435000289F4E /* ico_learningplans.png */ = {isa = PBXFileReference; lastKnownFileType = image.png; path = ico_learningplans.png; sourceTree = "<group>"; };
		E6377CAD1FEE435000289F4E /* ico_achievements.png */ = {isa = PBXFileReference; lastKnownFileType = image.png; path = ico_achievements.png; sourceTree = "<group>"; };
		E6377CAE1FEE435100289F4E /* ico_chatroom.png */ = {isa = PBXFileReference; lastKnownFileType = image.png; path = ico_chatroom.png; sourceTree = "<group>"; };
		E6377CAF1FEE435100289F4E /* ico_dashboard.png */ = {isa = PBXFileReference; lastKnownFileType = image.png; path = ico_dashboard.png; sourceTree = "<group>"; };
		E6377CB01FEE435100289F4E /* ico_messages.png */ = {isa = PBXFileReference; lastKnownFileType = image.png; path = ico_messages.png; sourceTree = "<group>"; };
		E6377CB11FEE435100289F4E /* ico_modules.png */ = {isa = PBXFileReference; lastKnownFileType = image.png; path = ico_modules.png; sourceTree = "<group>"; };
		E6377CB91FEE6BC000289F4E /* ico_settings.png */ = {isa = PBXFileReference; lastKnownFileType = image.png; path = ico_settings.png; sourceTree = "<group>"; };
		E66D5B251F8B7C220063EDEC /* RightManagement.app */ = {isa = PBXFileReference; explicitFileType = wrapper.application; includeInIndex = 0; path = RightManagement.app; sourceTree = BUILT_PRODUCTS_DIR; };
		E66D5B281F8B7C220063EDEC /* AppDelegate.swift */ = {isa = PBXFileReference; lastKnownFileType = sourcecode.swift; path = AppDelegate.swift; sourceTree = "<group>"; };
		E66D5B2A1F8B7C220063EDEC /* ViewController.swift */ = {isa = PBXFileReference; lastKnownFileType = sourcecode.swift; path = ViewController.swift; sourceTree = "<group>"; };
		E66D5B2D1F8B7C220063EDEC /* Base */ = {isa = PBXFileReference; lastKnownFileType = file.storyboard; name = Base; path = Base.lproj/Main.storyboard; sourceTree = "<group>"; };
		E66D5B2F1F8B7C220063EDEC /* Assets.xcassets */ = {isa = PBXFileReference; lastKnownFileType = folder.assetcatalog; path = Assets.xcassets; sourceTree = "<group>"; };
		E66D5B341F8B7C220063EDEC /* Info.plist */ = {isa = PBXFileReference; lastKnownFileType = text.plist.xml; path = Info.plist; sourceTree = "<group>"; };
		E66D5B4C1F8CADDA0063EDEC /* DashboardVC.swift */ = {isa = PBXFileReference; fileEncoding = 4; lastKnownFileType = sourcecode.swift; path = DashboardVC.swift; sourceTree = "<group>"; };
		E66D5B521F8CBB560063EDEC /* MessageTableViewCell.swift */ = {isa = PBXFileReference; fileEncoding = 4; lastKnownFileType = sourcecode.swift; name = MessageTableViewCell.swift; path = ViewControllers/MessageTableViewCell.swift; sourceTree = "<group>"; };
		E66D5B541F8CBDF20063EDEC /* MessageTableViewController.swift */ = {isa = PBXFileReference; fileEncoding = 4; lastKnownFileType = sourcecode.swift; path = MessageTableViewController.swift; sourceTree = "<group>"; };
		E66D5B611F8E0B2C0063EDEC /* NotificationTableViewCell.swift */ = {isa = PBXFileReference; fileEncoding = 4; lastKnownFileType = sourcecode.swift; name = NotificationTableViewCell.swift; path = ViewControllers/NotificationTableViewCell.swift; sourceTree = "<group>"; };
		E66D5B651F8E33760063EDEC /* ActiveLearningPlanCollectionViewCell.swift */ = {isa = PBXFileReference; fileEncoding = 4; lastKnownFileType = sourcecode.swift; name = ActiveLearningPlanCollectionViewCell.swift; path = ViewControllers/ActiveLearningPlanCollectionViewCell.swift; sourceTree = "<group>"; };
		E6821D5D1FEA6F380001E7C9 /* login_logo.png */ = {isa = PBXFileReference; lastKnownFileType = image.png; path = login_logo.png; sourceTree = "<group>"; };
		E6821D5F1FEA6F730001E7C9 /* background2.jpg */ = {isa = PBXFileReference; lastKnownFileType = image.jpeg; path = background2.jpg; sourceTree = "<group>"; };
		E6AB50BC200350EB00F19825 /* ico_achievement.png */ = {isa = PBXFileReference; lastKnownFileType = image.png; path = ico_achievement.png; sourceTree = "<group>"; };
		E6CA01EB2004AF370023D67D /* RightManagement.entitlements */ = {isa = PBXFileReference; lastKnownFileType = text.plist.entitlements; path = RightManagement.entitlements; sourceTree = "<group>"; };
		E6D8E1BC1FEF93FB00F392DF /* ico_logout.png */ = {isa = PBXFileReference; lastKnownFileType = image.png; path = ico_logout.png; sourceTree = "<group>"; };
		E6D8E1BD1FEF93FC00F392DF /* ico_changepassword.png */ = {isa = PBXFileReference; lastKnownFileType = image.png; path = ico_changepassword.png; sourceTree = "<group>"; };
		E6D8E1BE1FEF93FD00F392DF /* ico_updateprofile.png */ = {isa = PBXFileReference; lastKnownFileType = image.png; path = ico_updateprofile.png; sourceTree = "<group>"; };
		F612B07320077FC80065C015 /* UserNotifications.framework */ = {isa = PBXFileReference; lastKnownFileType = wrapper.framework; name = UserNotifications.framework; path = System/Library/Frameworks/UserNotifications.framework; sourceTree = SDKROOT; };
		F62F587E1FF37B2200EDFEF1 /* MessageDetailViewController.swift */ = {isa = PBXFileReference; lastKnownFileType = sourcecode.swift; path = MessageDetailViewController.swift; sourceTree = "<group>"; };
		F63982201FBB0B9200DA61B1 /* right.xcdatamodel */ = {isa = PBXFileReference; lastKnownFileType = wrapper.xcdatamodel; path = right.xcdatamodel; sourceTree = "<group>"; };
		F63EE26F2000E71100403994 /* UpdateProfileViewController.swift */ = {isa = PBXFileReference; fileEncoding = 4; lastKnownFileType = sourcecode.swift; path = UpdateProfileViewController.swift; sourceTree = "<group>"; };
		F63EE2702000E71100403994 /* CreateMessageTableViewController.swift */ = {isa = PBXFileReference; fileEncoding = 4; lastKnownFileType = sourcecode.swift; path = CreateMessageTableViewController.swift; sourceTree = "<group>"; };
		F63EE2712000E71200403994 /* ProgressHUD.swift */ = {isa = PBXFileReference; fileEncoding = 4; lastKnownFileType = sourcecode.swift; path = ProgressHUD.swift; sourceTree = "<group>"; };
		F63EE2722000E71200403994 /* CompanyUserMgr.swift */ = {isa = PBXFileReference; fileEncoding = 4; lastKnownFileType = sourcecode.swift; path = CompanyUserMgr.swift; sourceTree = "<group>"; };
		F64A98591FCEDC8B001858DE /* MyAchievements.swift */ = {isa = PBXFileReference; lastKnownFileType = sourcecode.swift; path = MyAchievements.swift; sourceTree = "<group>"; };
		F64A985B1FCFCEA2001858DE /* BadgeTableViewCell.swift */ = {isa = PBXFileReference; lastKnownFileType = sourcecode.swift; path = BadgeTableViewCell.swift; sourceTree = "<group>"; };
		F64A98631FD016AD001858DE /* UICircularProgressRingView.swift */ = {isa = PBXFileReference; fileEncoding = 4; lastKnownFileType = sourcecode.swift; name = UICircularProgressRingView.swift; path = ViewControllers/UICircularProgressRingView.swift; sourceTree = "<group>"; };
		F64A98641FD016AD001858DE /* UICircularProgressRingDelegate.swift */ = {isa = PBXFileReference; fileEncoding = 4; lastKnownFileType = sourcecode.swift; name = UICircularProgressRingDelegate.swift; path = ViewControllers/UICircularProgressRingDelegate.swift; sourceTree = "<group>"; };
		F64A98651FD016AD001858DE /* UICircularProgressRingLayer.swift */ = {isa = PBXFileReference; fileEncoding = 4; lastKnownFileType = sourcecode.swift; name = UICircularProgressRingLayer.swift; path = ViewControllers/UICircularProgressRingLayer.swift; sourceTree = "<group>"; };
		F64A98661FD016AD001858DE /* UICircularProgressRing.h */ = {isa = PBXFileReference; fileEncoding = 4; lastKnownFileType = sourcecode.c.h; name = UICircularProgressRing.h; path = ViewControllers/UICircularProgressRing.h; sourceTree = "<group>"; };
		F64A986A1FD01781001858DE /* CoreDataManager.swift */ = {isa = PBXFileReference; fileEncoding = 4; lastKnownFileType = sourcecode.swift; path = CoreDataManager.swift; sourceTree = "<group>"; };
		F64A986C1FD019DD001858DE /* PreferencesUtil.swift */ = {isa = PBXFileReference; fileEncoding = 4; lastKnownFileType = sourcecode.swift; name = PreferencesUtil.swift; path = Utils/PreferencesUtil.swift; sourceTree = "<group>"; };
		F64A986D1FD019DD001858DE /* DateUtil.swift */ = {isa = PBXFileReference; fileEncoding = 4; lastKnownFileType = sourcecode.swift; name = DateUtil.swift; path = Utils/DateUtil.swift; sourceTree = "<group>"; };
		F64A98701FD01A00001858DE /* StringConstants.swift */ = {isa = PBXFileReference; fileEncoding = 4; lastKnownFileType = sourcecode.swift; name = StringConstants.swift; path = Utils/StringConstants.swift; sourceTree = "<group>"; };
		F64A98711FD01A00001858DE /* MessageFormat.swift */ = {isa = PBXFileReference; fileEncoding = 4; lastKnownFileType = sourcecode.swift; name = MessageFormat.swift; path = Utils/MessageFormat.swift; sourceTree = "<group>"; };
		F64A98741FD01A82001858DE /* DashboardMgr.swift */ = {isa = PBXFileReference; fileEncoding = 4; lastKnownFileType = sourcecode.swift; name = DashboardMgr.swift; path = Managers/DashboardMgr.swift; sourceTree = "<group>"; };
		F64A98751FD01A82001858DE /* UserMgr.swift */ = {isa = PBXFileReference; fileEncoding = 4; lastKnownFileType = sourcecode.swift; name = UserMgr.swift; path = Managers/UserMgr.swift; sourceTree = "<group>"; };
		F64A98781FD01ADF001858DE /* ActiveLearningPlan.swift */ = {isa = PBXFileReference; fileEncoding = 4; lastKnownFileType = sourcecode.swift; name = ActiveLearningPlan.swift; path = Models/ActiveLearningPlan.swift; sourceTree = "<group>"; };
		F64A98791FD01ADF001858DE /* Badge.swift */ = {isa = PBXFileReference; fileEncoding = 4; lastKnownFileType = sourcecode.swift; name = Badge.swift; path = Models/Badge.swift; sourceTree = "<group>"; };
		F64A987A1FD01ADF001858DE /* Message.swift */ = {isa = PBXFileReference; fileEncoding = 4; lastKnownFileType = sourcecode.swift; name = Message.swift; path = Models/Message.swift; sourceTree = "<group>"; };
		F64A987B1FD01ADF001858DE /* Notification.swift */ = {isa = PBXFileReference; fileEncoding = 4; lastKnownFileType = sourcecode.swift; name = Notification.swift; path = Models/Notification.swift; sourceTree = "<group>"; };
		F64A98801FD01B57001858DE /* ServiceHandler.swift */ = {isa = PBXFileReference; fileEncoding = 4; lastKnownFileType = sourcecode.swift; name = ServiceHandler.swift; path = Service/ServiceHandler.swift; sourceTree = "<group>"; };
		F64A98841FD15E18001858DE /* PageViewController.swift */ = {isa = PBXFileReference; lastKnownFileType = sourcecode.swift; path = PageViewController.swift; sourceTree = "<group>"; };
		F64A98861FD16AF0001858DE /* LaunchModuleViewController.swift */ = {isa = PBXFileReference; lastKnownFileType = sourcecode.swift; path = LaunchModuleViewController.swift; sourceTree = "<group>"; };
		F64A98881FD2B630001858DE /* TrainingViewController.swift */ = {isa = PBXFileReference; lastKnownFileType = sourcecode.swift; path = TrainingViewController.swift; sourceTree = "<group>"; };
		F64A988A1FD2CFCD001858DE /* ModuleViewController.swift */ = {isa = PBXFileReference; lastKnownFileType = sourcecode.swift; path = ModuleViewController.swift; sourceTree = "<group>"; };
		F64A988E1FD5548B001858DE /* TrainingTableViewCell.swift */ = {isa = PBXFileReference; lastKnownFileType = sourcecode.swift; path = TrainingTableViewCell.swift; sourceTree = "<group>"; };
		F692B7031FDFAFEE00AD8745 /* Checkbox.swift */ = {isa = PBXFileReference; fileEncoding = 4; lastKnownFileType = sourcecode.swift; path = Checkbox.swift; sourceTree = "<group>"; };
		F692B7041FDFAFEE00AD8745 /* SSRadioButton.swift */ = {isa = PBXFileReference; fileEncoding = 4; lastKnownFileType = sourcecode.swift; path = SSRadioButton.swift; sourceTree = "<group>"; };
		F692B7051FDFAFEE00AD8745 /* SSRadioButtonsController.swift */ = {isa = PBXFileReference; fileEncoding = 4; lastKnownFileType = sourcecode.swift; path = SSRadioButtonsController.swift; sourceTree = "<group>"; };
		F692B70A1FDFD42100AD8745 /* ic_check_box.png */ = {isa = PBXFileReference; lastKnownFileType = image.png; path = ic_check_box.png; sourceTree = "<group>"; };
		F692B70B1FDFD42100AD8745 /* ic_check_box_outline_blank.png */ = {isa = PBXFileReference; lastKnownFileType = image.png; path = ic_check_box_outline_blank.png; sourceTree = "<group>"; };
		F692B70E1FE23D2800AD8745 /* ModuleProgressMgr.swift */ = {isa = PBXFileReference; lastKnownFileType = sourcecode.swift; path = ModuleProgressMgr.swift; sourceTree = "<group>"; };
		F6B63D481FEBC7CC00886264 /* TrainingTabController.swift */ = {isa = PBXFileReference; lastKnownFileType = sourcecode.swift; path = TrainingTabController.swift; sourceTree = "<group>"; };
		F6B63D871FEE551700886264 /* MainTabController.swift */ = {isa = PBXFileReference; lastKnownFileType = sourcecode.swift; path = MainTabController.swift; sourceTree = "<group>"; };
		F6B63D8B1FEF6A1D00886264 /* SettingsTableViewController.swift */ = {isa = PBXFileReference; lastKnownFileType = sourcecode.swift; path = SettingsTableViewController.swift; sourceTree = "<group>"; };
		F6B63D8D1FEF72A200886264 /* ChangePasswordViewController.swift */ = {isa = PBXFileReference; lastKnownFileType = sourcecode.swift; path = ChangePasswordViewController.swift; sourceTree = "<group>"; };
		F6B63D8F1FEF895B00886264 /* NotesViewController.swift */ = {isa = PBXFileReference; lastKnownFileType = sourcecode.swift; path = NotesViewController.swift; sourceTree = "<group>"; };
		F6B63D911FEF8A3400886264 /* Notes.swift */ = {isa = PBXFileReference; lastKnownFileType = sourcecode.swift; path = Notes.swift; sourceTree = "<group>"; };
		F6B63D951FF20A1800886264 /* NotesTableViewCell.swift */ = {isa = PBXFileReference; lastKnownFileType = sourcecode.swift; path = NotesTableViewCell.swift; sourceTree = "<group>"; };
		F6B63D971FF2533000886264 /* CreateNoteViewController.swift */ = {isa = PBXFileReference; lastKnownFileType = sourcecode.swift; path = CreateNoteViewController.swift; sourceTree = "<group>"; };
		F6C85BE91FD8181300BF4987 /* ModuleTableViewCell.swift */ = {isa = PBXFileReference; lastKnownFileType = sourcecode.swift; path = ModuleTableViewCell.swift; sourceTree = "<group>"; };
		F6C85C2A1FDA929000BF4987 /* PageItemController.swift */ = {isa = PBXFileReference; lastKnownFileType = sourcecode.swift; path = PageItemController.swift; sourceTree = "<group>"; };
		F6DBB5651FF4F7C900386125 /* MessageChatController.swift */ = {isa = PBXFileReference; lastKnownFileType = sourcecode.swift; path = MessageChatController.swift; sourceTree = "<group>"; };
		F6DBB5681FF4F96200386125 /* Inputbar.swift */ = {isa = PBXFileReference; fileEncoding = 4; lastKnownFileType = sourcecode.swift; path = Inputbar.swift; sourceTree = "<group>"; };
		F6DBB5691FF4F96200386125 /* LocalStorage.swift */ = {isa = PBXFileReference; fileEncoding = 4; lastKnownFileType = sourcecode.swift; path = LocalStorage.swift; sourceTree = "<group>"; };
		F6DBB56A1FF4F96200386125 /* TableArray.swift */ = {isa = PBXFileReference; fileEncoding = 4; lastKnownFileType = sourcecode.swift; path = TableArray.swift; sourceTree = "<group>"; };
		F6DBB56F1FF4F97C00386125 /* DAKeyboardControl.h */ = {isa = PBXFileReference; fileEncoding = 4; lastKnownFileType = sourcecode.c.h; path = DAKeyboardControl.h; sourceTree = "<group>"; };
		F6DBB5701FF4F97C00386125 /* DAKeyboardControl.m */ = {isa = PBXFileReference; fileEncoding = 4; lastKnownFileType = sourcecode.c.objc; path = DAKeyboardControl.m; sourceTree = "<group>"; };
		F6DBB5711FF4F97C00386125 /* HPGrowingTextView.h */ = {isa = PBXFileReference; fileEncoding = 4; lastKnownFileType = sourcecode.c.h; path = HPGrowingTextView.h; sourceTree = "<group>"; };
		F6DBB5721FF4F97C00386125 /* HPGrowingTextView.m */ = {isa = PBXFileReference; fileEncoding = 4; lastKnownFileType = sourcecode.c.objc; path = HPGrowingTextView.m; sourceTree = "<group>"; };
		F6DBB5731FF4F97C00386125 /* HPTextViewInternal.h */ = {isa = PBXFileReference; fileEncoding = 4; lastKnownFileType = sourcecode.c.h; path = HPTextViewInternal.h; sourceTree = "<group>"; };
		F6DBB5741FF4F97C00386125 /* HPTextViewInternal.m */ = {isa = PBXFileReference; fileEncoding = 4; lastKnownFileType = sourcecode.c.objc; path = HPTextViewInternal.m; sourceTree = "<group>"; };
		F6DBB5781FF5074800386125 /* RightManagement-Bridging-Header.h */ = {isa = PBXFileReference; lastKnownFileType = sourcecode.c.h; path = "RightManagement-Bridging-Header.h"; sourceTree = "<group>"; };
		F6DBB57F1FF50A3100386125 /* Chat.swift */ = {isa = PBXFileReference; fileEncoding = 4; lastKnownFileType = sourcecode.swift; name = Chat.swift; path = Models/Chat.swift; sourceTree = "<group>"; };
		F6DBB5801FF50A3200386125 /* Contact.swift */ = {isa = PBXFileReference; fileEncoding = 4; lastKnownFileType = sourcecode.swift; name = Contact.swift; path = Models/Contact.swift; sourceTree = "<group>"; };
		F6DBB5811FF50A3200386125 /* MessageDetail.swift */ = {isa = PBXFileReference; fileEncoding = 4; lastKnownFileType = sourcecode.swift; name = MessageDetail.swift; path = Models/MessageDetail.swift; sourceTree = "<group>"; };
		F6DBB5881FF50DBB00386125 /* MessageGateway.swift */ = {isa = PBXFileReference; fileEncoding = 4; lastKnownFileType = sourcecode.swift; path = MessageGateway.swift; sourceTree = "<group>"; };
		F6DBB58B1FF50FC000386125 /* ChatCell.swift */ = {isa = PBXFileReference; fileEncoding = 4; lastKnownFileType = sourcecode.swift; path = ChatCell.swift; sourceTree = "<group>"; };
		F6DBB58C1FF50FC000386125 /* MessageCell.swift */ = {isa = PBXFileReference; fileEncoding = 4; lastKnownFileType = sourcecode.swift; path = MessageCell.swift; sourceTree = "<group>"; };
		F6F078221FFDF17600120DA7 /* ChatViewController.swift */ = {isa = PBXFileReference; lastKnownFileType = sourcecode.swift; path = ChatViewController.swift; sourceTree = "<group>"; };
		F6F078241FFE054400120DA7 /* ChatModel.swift */ = {isa = PBXFileReference; lastKnownFileType = sourcecode.swift; path = ChatModel.swift; sourceTree = "<group>"; };
		F6F078261FFE0A6700120DA7 /* ChatRoomTableViewCell.swift */ = {isa = PBXFileReference; lastKnownFileType = sourcecode.swift; path = ChatRoomTableViewCell.swift; sourceTree = "<group>"; };
		F6F078281FFE27B900120DA7 /* ChatDetailController.swift */ = {isa = PBXFileReference; lastKnownFileType = sourcecode.swift; path = ChatDetailController.swift; sourceTree = "<group>"; };
/* End PBXFileReference section */

/* Begin PBXFrameworksBuildPhase section */
		E66D5B221F8B7C220063EDEC /* Frameworks */ = {
			isa = PBXFrameworksBuildPhase;
			buildActionMask = 2147483647;
			files = (
				F612B07420077FC80065C015 /* UserNotifications.framework in Frameworks */,
			);
			runOnlyForDeploymentPostprocessing = 0;
		};
/* End PBXFrameworksBuildPhase section */

/* Begin PBXGroup section */
		E6377CAA1FEE433700289F4E /* icons */ = {
			isa = PBXGroup;
			children = (
				E6377CB91FEE6BC000289F4E /* ico_settings.png */,
				E6377CAD1FEE435000289F4E /* ico_achievements.png */,
				E624B5591FFB8E140070D136 /* ico_notes.png */,
				E6377CAE1FEE435100289F4E /* ico_chatroom.png */,
				E6377CAF1FEE435100289F4E /* ico_dashboard.png */,
				E6377CAC1FEE435000289F4E /* ico_learningplans.png */,
				E6377CB01FEE435100289F4E /* ico_messages.png */,
				E6377CB11FEE435100289F4E /* ico_modules.png */,
				E6AB50BC200350EB00F19825 /* ico_achievement.png */,
				E6377CAB1FEE435000289F4E /* ico_trainings.png */,
				E6D8E1BD1FEF93FC00F392DF /* ico_changepassword.png */,
				E6D8E1BC1FEF93FB00F392DF /* ico_logout.png */,
				E6D8E1BE1FEF93FD00F392DF /* ico_updateprofile.png */,
			);
			path = icons;
			sourceTree = "<group>";
		};
		E66D5B1C1F8B7C220063EDEC = {
			isa = PBXGroup;
			children = (
				F6DBB5781FF5074800386125 /* RightManagement-Bridging-Header.h */,
				E66D5B271F8B7C220063EDEC /* RightManagement */,
				E66D5B261F8B7C220063EDEC /* Products */,
				F612B07220077FC70065C015 /* Frameworks */,
			);
			sourceTree = "<group>";
		};
		E66D5B261F8B7C220063EDEC /* Products */ = {
			isa = PBXGroup;
			children = (
				E66D5B251F8B7C220063EDEC /* RightManagement.app */,
			);
			name = Products;
			sourceTree = "<group>";
		};
		E66D5B271F8B7C220063EDEC /* RightManagement */ = {
			isa = PBXGroup;
			children = (
				E6CA01EB2004AF370023D67D /* RightManagement.entitlements */,
				F692B7091FDFD42100AD8745 /* Images */,
				F64A986A1FD01781001858DE /* CoreDataManager.swift */,
				F63982221FBBFA3F00DA61B1 /* Managers */,
				F63982161FBACB2A00DA61B1 /* Utils */,
				F63982151FBACB1A00DA61B1 /* Services */,
				E66D5B281F8B7C220063EDEC /* AppDelegate.swift */,
				E66D5B2A1F8B7C220063EDEC /* ViewController.swift */,
				E66D5B2C1F8B7C220063EDEC /* Main.storyboard */,
				E66D5B2F1F8B7C220063EDEC /* Assets.xcassets */,
				E66D5B341F8B7C220063EDEC /* Info.plist */,
				E66D5B581F8DFDC10063EDEC /* Models */,
				E66D5B4B1F8CA3990063EDEC /* ViewControllers */,
				F639821F1FBB0B9200DA61B1 /* right.xcdatamodeld */,
			);
			path = RightManagement;
			sourceTree = "<group>";
		};
		E66D5B4B1F8CA3990063EDEC /* ViewControllers */ = {
			isa = PBXGroup;
			children = (
				F63EE2722000E71200403994 /* CompanyUserMgr.swift */,
				F63EE2702000E71100403994 /* CreateMessageTableViewController.swift */,
				F63EE2712000E71200403994 /* ProgressHUD.swift */,
				F63EE26F2000E71100403994 /* UpdateProfileViewController.swift */,
				F6DBB5581FF4F5ED00386125 /* MessageChat */,
				F692B7021FDFAFEE00AD8745 /* SSRadioButtonController */,
				F64A98661FD016AD001858DE /* UICircularProgressRing.h */,
				F64A98641FD016AD001858DE /* UICircularProgressRingDelegate.swift */,
				F64A98651FD016AD001858DE /* UICircularProgressRingLayer.swift */,
				F64A98631FD016AD001858DE /* UICircularProgressRingView.swift */,
				E66D5B541F8CBDF20063EDEC /* MessageTableViewController.swift */,
				E66D5B4C1F8CADDA0063EDEC /* DashboardVC.swift */,
				E66D5B611F8E0B2C0063EDEC /* NotificationTableViewCell.swift */,
				E66D5B651F8E33760063EDEC /* ActiveLearningPlanCollectionViewCell.swift */,
				F64A98591FCEDC8B001858DE /* MyAchievements.swift */,
				F64A985B1FCFCEA2001858DE /* BadgeTableViewCell.swift */,
				F64A98841FD15E18001858DE /* PageViewController.swift */,
				F64A98861FD16AF0001858DE /* LaunchModuleViewController.swift */,
				F64A98881FD2B630001858DE /* TrainingViewController.swift */,
				F64A988A1FD2CFCD001858DE /* ModuleViewController.swift */,
				F64A988E1FD5548B001858DE /* TrainingTableViewCell.swift */,
				F6F078221FFDF17600120DA7 /* ChatViewController.swift */,
				F6C85BE91FD8181300BF4987 /* ModuleTableViewCell.swift */,
				E66D5B521F8CBB560063EDEC /* MessageTableViewCell.swift */,
				F6C85C2A1FDA929000BF4987 /* PageItemController.swift */,
				F6B63D481FEBC7CC00886264 /* TrainingTabController.swift */,
				F6B63D871FEE551700886264 /* MainTabController.swift */,
				F6B63D8B1FEF6A1D00886264 /* SettingsTableViewController.swift */,
				F6B63D8D1FEF72A200886264 /* ChangePasswordViewController.swift */,
				F6B63D8F1FEF895B00886264 /* NotesViewController.swift */,
				F6B63D951FF20A1800886264 /* NotesTableViewCell.swift */,
				F6B63D971FF2533000886264 /* CreateNoteViewController.swift */,
				F62F587E1FF37B2200EDFEF1 /* MessageDetailViewController.swift */,
				F6F078261FFE0A6700120DA7 /* ChatRoomTableViewCell.swift */,
			);
			name = ViewControllers;
			sourceTree = "<group>";
		};
		E66D5B581F8DFDC10063EDEC /* Models */ = {
			isa = PBXGroup;
			children = (
				F6DBB57F1FF50A3100386125 /* Chat.swift */,
				F6DBB5801FF50A3200386125 /* Contact.swift */,
				F6DBB5811FF50A3200386125 /* MessageDetail.swift */,
				F64A98781FD01ADF001858DE /* ActiveLearningPlan.swift */,
				F64A98791FD01ADF001858DE /* Badge.swift */,
				F64A987A1FD01ADF001858DE /* Message.swift */,
				F64A987B1FD01ADF001858DE /* Notification.swift */,
				F6B63D911FEF8A3400886264 /* Notes.swift */,
				F6F078241FFE054400120DA7 /* ChatModel.swift */,
			);
			name = Models;
			sourceTree = "<group>";
		};
		F612B07220077FC70065C015 /* Frameworks */ = {
			isa = PBXGroup;
			children = (
				F612B07320077FC80065C015 /* UserNotifications.framework */,
			);
			name = Frameworks;
			sourceTree = "<group>";
		};
		F63982151FBACB1A00DA61B1 /* Services */ = {
			isa = PBXGroup;
			children = (
				F64A98801FD01B57001858DE /* ServiceHandler.swift */,
			);
			name = Services;
			sourceTree = "<group>";
		};
		F63982161FBACB2A00DA61B1 /* Utils */ = {
			isa = PBXGroup;
			children = (
				F64A98711FD01A00001858DE /* MessageFormat.swift */,
				F64A98701FD01A00001858DE /* StringConstants.swift */,
				F64A986D1FD019DD001858DE /* DateUtil.swift */,
				F64A986C1FD019DD001858DE /* PreferencesUtil.swift */,
			);
			name = Utils;
			sourceTree = "<group>";
		};
		F63982221FBBFA3F00DA61B1 /* Managers */ = {
			isa = PBXGroup;
			children = (
				F64A98741FD01A82001858DE /* DashboardMgr.swift */,
				F64A98751FD01A82001858DE /* UserMgr.swift */,
				F692B70E1FE23D2800AD8745 /* ModuleProgressMgr.swift */,
			);
			name = Managers;
			sourceTree = "<group>";
		};
		F692B7021FDFAFEE00AD8745 /* SSRadioButtonController */ = {
			isa = PBXGroup;
			children = (
				F692B7031FDFAFEE00AD8745 /* Checkbox.swift */,
				F692B7041FDFAFEE00AD8745 /* SSRadioButton.swift */,
				F692B7051FDFAFEE00AD8745 /* SSRadioButtonsController.swift */,
			);
			name = SSRadioButtonController;
			path = ViewControllers/SSRadioButtonController;
			sourceTree = "<group>";
		};
		F692B7091FDFD42100AD8745 /* Images */ = {
			isa = PBXGroup;
			children = (
				E6377CAA1FEE433700289F4E /* icons */,
				E6821D5D1FEA6F380001E7C9 /* login_logo.png */,
				E6821D5F1FEA6F730001E7C9 /* background2.jpg */,
				E6335DAC1FE918C20090B7AD /* ic_bar_chart.png */,
				E6335DAE1FE918C30090B7AD /* ic_gamepad.png */,
				E6335DAD1FE918C20090B7AD /* ic_gift.png */,
				E6335DAB1FE918C20090B7AD /* ic_rocket.png */,
				F692B70A1FDFD42100AD8745 /* ic_check_box.png */,
				F692B70B1FDFD42100AD8745 /* ic_check_box_outline_blank.png */,
			);
			path = Images;
			sourceTree = "<group>";
		};
		F6DBB5581FF4F5ED00386125 /* MessageChat */ = {
			isa = PBXGroup;
			children = (
				F6DBB58A1FF50FC000386125 /* Cell */,
				F6DBB5871FF50DBB00386125 /* Gateway */,
				F6DBB56E1FF4F97C00386125 /* Third-Party */,
				F6DBB5671FF4F96200386125 /* Helpers */,
				F6DBB5651FF4F7C900386125 /* MessageChatController.swift */,
				F6F078281FFE27B900120DA7 /* ChatDetailController.swift */,
			);
			name = MessageChat;
			path = ViewControllers/MessageChat;
			sourceTree = "<group>";
		};
		F6DBB5671FF4F96200386125 /* Helpers */ = {
			isa = PBXGroup;
			children = (
				F6DBB5681FF4F96200386125 /* Inputbar.swift */,
				F6DBB5691FF4F96200386125 /* LocalStorage.swift */,
				F6DBB56A1FF4F96200386125 /* TableArray.swift */,
			);
			path = Helpers;
			sourceTree = "<group>";
		};
		F6DBB56E1FF4F97C00386125 /* Third-Party */ = {
			isa = PBXGroup;
			children = (
				F6DBB56F1FF4F97C00386125 /* DAKeyboardControl.h */,
				F6DBB5701FF4F97C00386125 /* DAKeyboardControl.m */,
				F6DBB5711FF4F97C00386125 /* HPGrowingTextView.h */,
				F6DBB5721FF4F97C00386125 /* HPGrowingTextView.m */,
				F6DBB5731FF4F97C00386125 /* HPTextViewInternal.h */,
				F6DBB5741FF4F97C00386125 /* HPTextViewInternal.m */,
			);
			path = "Third-Party";
			sourceTree = "<group>";
		};
		F6DBB5871FF50DBB00386125 /* Gateway */ = {
			isa = PBXGroup;
			children = (
				F6DBB5881FF50DBB00386125 /* MessageGateway.swift */,
			);
			path = Gateway;
			sourceTree = "<group>";
		};
		F6DBB58A1FF50FC000386125 /* Cell */ = {
			isa = PBXGroup;
			children = (
				F6DBB58B1FF50FC000386125 /* ChatCell.swift */,
				F6DBB58C1FF50FC000386125 /* MessageCell.swift */,
			);
			path = Cell;
			sourceTree = "<group>";
		};
/* End PBXGroup section */

/* Begin PBXNativeTarget section */
		E66D5B241F8B7C220063EDEC /* RightManagement */ = {
			isa = PBXNativeTarget;
			buildConfigurationList = E66D5B371F8B7C220063EDEC /* Build configuration list for PBXNativeTarget "RightManagement" */;
			buildPhases = (
				E66D5B211F8B7C220063EDEC /* Sources */,
				E66D5B221F8B7C220063EDEC /* Frameworks */,
				E66D5B231F8B7C220063EDEC /* Resources */,
			);
			buildRules = (
			);
			dependencies = (
			);
			name = RightManagement;
			productName = RightManagement;
			productReference = E66D5B251F8B7C220063EDEC /* RightManagement.app */;
			productType = "com.apple.product-type.application";
		};
/* End PBXNativeTarget section */

/* Begin PBXProject section */
		E66D5B1D1F8B7C220063EDEC /* Project object */ = {
			isa = PBXProject;
			attributes = {
				LastSwiftUpdateCheck = 0830;
				LastUpgradeCheck = 0830;
				ORGANIZATIONNAME = "Munish Sethi";
				TargetAttributes = {
					E66D5B241F8B7C220063EDEC = {
						CreatedOnToolsVersion = 8.3.3;
						DevelopmentTeam = X2RLNL6C4P;
						ProvisioningStyle = Automatic;
						SystemCapabilities = {
							com.apple.Push = {
								enabled = 1;
							};
						};
					};
				};
			};
			buildConfigurationList = E66D5B201F8B7C220063EDEC /* Build configuration list for PBXProject "RightManagement" */;
			compatibilityVersion = "Xcode 3.2";
			developmentRegion = English;
			hasScannedForEncodings = 0;
			knownRegions = (
				en,
				Base,
			);
			mainGroup = E66D5B1C1F8B7C220063EDEC;
			productRefGroup = E66D5B261F8B7C220063EDEC /* Products */;
			projectDirPath = "";
			projectRoot = "";
			targets = (
				E66D5B241F8B7C220063EDEC /* RightManagement */,
			);
		};
/* End PBXProject section */

/* Begin PBXResourcesBuildPhase section */
		E66D5B231F8B7C220063EDEC /* Resources */ = {
			isa = PBXResourcesBuildPhase;
			buildActionMask = 2147483647;
			files = (
				E6AB50BD200350EB00F19825 /* ico_achievement.png in Resources */,
				E66D5B301F8B7C220063EDEC /* Assets.xcassets in Resources */,
				E624B55A1FFB8E140070D136 /* ico_notes.png in Resources */,
				E6377CB21FEE435100289F4E /* ico_trainings.png in Resources */,
				E6377CB71FEE435100289F4E /* ico_messages.png in Resources */,
				E6377CB61FEE435100289F4E /* ico_dashboard.png in Resources */,
				E6377CB81FEE435100289F4E /* ico_modules.png in Resources */,
				E6D8E1C01FEF93FF00F392DF /* ico_changepassword.png in Resources */,
				E6377CB41FEE435100289F4E /* ico_achievements.png in Resources */,
				E6335DB01FE918C30090B7AD /* ic_bar_chart.png in Resources */,
				E6821D601FEA6F730001E7C9 /* background2.jpg in Resources */,
				E6335DB21FE918C30090B7AD /* ic_gamepad.png in Resources */,
				E6377CBA1FEE6BC100289F4E /* ico_settings.png in Resources */,
				E6D8E1BF1FEF93FF00F392DF /* ico_logout.png in Resources */,
				E6377CB51FEE435100289F4E /* ico_chatroom.png in Resources */,
				E6335DAF1FE918C30090B7AD /* ic_rocket.png in Resources */,
				E6377CB31FEE435100289F4E /* ico_learningplans.png in Resources */,
				E6821D5E1FEA6F380001E7C9 /* login_logo.png in Resources */,
				E6D8E1C11FEF93FF00F392DF /* ico_updateprofile.png in Resources */,
				F692B70D1FDFD42100AD8745 /* ic_check_box_outline_blank.png in Resources */,
				F692B70C1FDFD42100AD8745 /* ic_check_box.png in Resources */,
				E66D5B2E1F8B7C220063EDEC /* Main.storyboard in Resources */,
				E6335DB11FE918C30090B7AD /* ic_gift.png in Resources */,
			);
			runOnlyForDeploymentPostprocessing = 0;
		};
/* End PBXResourcesBuildPhase section */

/* Begin PBXSourcesBuildPhase section */
		E66D5B211F8B7C220063EDEC /* Sources */ = {
			isa = PBXSourcesBuildPhase;
			buildActionMask = 2147483647;
			files = (
				F6DBB5831FF50A3200386125 /* Contact.swift in Sources */,
				F63EE2742000E71200403994 /* CreateMessageTableViewController.swift in Sources */,
				F64A98811FD01B57001858DE /* ServiceHandler.swift in Sources */,
				F6B63D491FEBC7CC00886264 /* TrainingTabController.swift in Sources */,
				F62F587F1FF37B2200EDFEF1 /* MessageDetailViewController.swift in Sources */,
				F64A98731FD01A00001858DE /* MessageFormat.swift in Sources */,
				F64A985C1FCFCEA3001858DE /* BadgeTableViewCell.swift in Sources */,
				F6DBB5891FF50DBB00386125 /* MessageGateway.swift in Sources */,
				F6C85C2B1FDA929000BF4987 /* PageItemController.swift in Sources */,
				E66D5B531F8CBB560063EDEC /* MessageTableViewCell.swift in Sources */,
				F6DBB5751FF4F97C00386125 /* DAKeyboardControl.m in Sources */,
				F64A987D1FD01ADF001858DE /* Badge.swift in Sources */,
				F6DBB5761FF4F97C00386125 /* HPGrowingTextView.m in Sources */,
				F64A986E1FD019DD001858DE /* PreferencesUtil.swift in Sources */,
				F63982211FBB0B9200DA61B1 /* right.xcdatamodeld in Sources */,
				E66D5B2B1F8B7C220063EDEC /* ViewController.swift in Sources */,
				F6F078271FFE0A6700120DA7 /* ChatRoomTableViewCell.swift in Sources */,
				F6F078231FFDF17600120DA7 /* ChatViewController.swift in Sources */,
				F6B63D901FEF895B00886264 /* NotesViewController.swift in Sources */,
				F64A98671FD016AD001858DE /* UICircularProgressRingView.swift in Sources */,
				F64A98691FD016AD001858DE /* UICircularProgressRingLayer.swift in Sources */,
				F64A98891FD2B630001858DE /* TrainingViewController.swift in Sources */,
				F64A987C1FD01ADF001858DE /* ActiveLearningPlan.swift in Sources */,
				F6DBB5821FF50A3200386125 /* Chat.swift in Sources */,
				F6DBB5841FF50A3200386125 /* MessageDetail.swift in Sources */,
				F6B63D8C1FEF6A1D00886264 /* SettingsTableViewController.swift in Sources */,
				E66D5B661F8E33760063EDEC /* ActiveLearningPlanCollectionViewCell.swift in Sources */,
				F64A98681FD016AD001858DE /* UICircularProgressRingDelegate.swift in Sources */,
				F63EE2752000E71200403994 /* ProgressHUD.swift in Sources */,
				F6B63D981FF2533100886264 /* CreateNoteViewController.swift in Sources */,
				F64A98771FD01A82001858DE /* UserMgr.swift in Sources */,
				F692B7081FDFAFEE00AD8745 /* SSRadioButtonsController.swift in Sources */,
				F64A98761FD01A82001858DE /* DashboardMgr.swift in Sources */,
				F64A98871FD16AF0001858DE /* LaunchModuleViewController.swift in Sources */,
				F6C85BEA1FD8181300BF4987 /* ModuleTableViewCell.swift in Sources */,
				E66D5B551F8CBDF20063EDEC /* MessageTableViewController.swift in Sources */,
				F6B63D881FEE551700886264 /* MainTabController.swift in Sources */,
				E66D5B621F8E0B2C0063EDEC /* NotificationTableViewCell.swift in Sources */,
				F6F078251FFE054400120DA7 /* ChatModel.swift in Sources */,
				F64A987F1FD01ADF001858DE /* Notification.swift in Sources */,
				F6F078291FFE27B900120DA7 /* ChatDetailController.swift in Sources */,
				F63EE2732000E71200403994 /* UpdateProfileViewController.swift in Sources */,
				F6DBB56D1FF4F96200386125 /* TableArray.swift in Sources */,
				F64A986B1FD01782001858DE /* CoreDataManager.swift in Sources */,
				E66D5B4D1F8CADDA0063EDEC /* DashboardVC.swift in Sources */,
				F6B63D921FEF8A3400886264 /* Notes.swift in Sources */,
				E66D5B291F8B7C220063EDEC /* AppDelegate.swift in Sources */,
				F63EE2762000E71200403994 /* CompanyUserMgr.swift in Sources */,
				F692B7071FDFAFEE00AD8745 /* SSRadioButton.swift in Sources */,
				F6DBB58D1FF50FC000386125 /* ChatCell.swift in Sources */,
				F64A98721FD01A00001858DE /* StringConstants.swift in Sources */,
				F692B7061FDFAFEE00AD8745 /* Checkbox.swift in Sources */,
				F64A987E1FD01ADF001858DE /* Message.swift in Sources */,
				F6B63D8E1FEF72A200886264 /* ChangePasswordViewController.swift in Sources */,
				F64A988F1FD5548B001858DE /* TrainingTableViewCell.swift in Sources */,
				F6DBB58E1FF50FC000386125 /* MessageCell.swift in Sources */,
				F64A98851FD15E18001858DE /* PageViewController.swift in Sources */,
				F64A986F1FD019DD001858DE /* DateUtil.swift in Sources */,
				F6DBB5771FF4F97C00386125 /* HPTextViewInternal.m in Sources */,
				F64A985A1FCEDC8B001858DE /* MyAchievements.swift in Sources */,
				F64A988B1FD2CFCD001858DE /* ModuleViewController.swift in Sources */,
				F6B63D961FF20A1800886264 /* NotesTableViewCell.swift in Sources */,
				F692B70F1FE23D2800AD8745 /* ModuleProgressMgr.swift in Sources */,
				F6DBB56C1FF4F96200386125 /* LocalStorage.swift in Sources */,
				F6DBB5661FF4F7C900386125 /* MessageChatController.swift in Sources */,
				F6DBB56B1FF4F96200386125 /* Inputbar.swift in Sources */,
			);
			runOnlyForDeploymentPostprocessing = 0;
		};
/* End PBXSourcesBuildPhase section */

/* Begin PBXVariantGroup section */
		E66D5B2C1F8B7C220063EDEC /* Main.storyboard */ = {
			isa = PBXVariantGroup;
			children = (
				E66D5B2D1F8B7C220063EDEC /* Base */,
			);
			name = Main.storyboard;
			sourceTree = "<group>";
		};
/* End PBXVariantGroup section */

/* Begin XCBuildConfiguration section */
		E66D5B351F8B7C220063EDEC /* Debug */ = {
			isa = XCBuildConfiguration;
			buildSettings = {
				ALWAYS_SEARCH_USER_PATHS = NO;
				CLANG_ANALYZER_NONNULL = YES;
				CLANG_ANALYZER_NUMBER_OBJECT_CONVERSION = YES_AGGRESSIVE;
				CLANG_CXX_LANGUAGE_STANDARD = "gnu++0x";
				CLANG_CXX_LIBRARY = "libc++";
				CLANG_ENABLE_MODULES = YES;
				CLANG_ENABLE_OBJC_ARC = YES;
				CLANG_WARN_BOOL_CONVERSION = YES;
				CLANG_WARN_CONSTANT_CONVERSION = YES;
				CLANG_WARN_DIRECT_OBJC_ISA_USAGE = YES_ERROR;
				CLANG_WARN_DOCUMENTATION_COMMENTS = YES;
				CLANG_WARN_EMPTY_BODY = YES;
				CLANG_WARN_ENUM_CONVERSION = YES;
				CLANG_WARN_INFINITE_RECURSION = YES;
				CLANG_WARN_INT_CONVERSION = YES;
				CLANG_WARN_OBJC_ROOT_CLASS = YES_ERROR;
				CLANG_WARN_SUSPICIOUS_MOVE = YES;
				CLANG_WARN_UNREACHABLE_CODE = YES;
				CLANG_WARN__DUPLICATE_METHOD_MATCH = YES;
				"CODE_SIGN_IDENTITY[sdk=iphoneos*]" = "iPhone Developer";
				COPY_PHASE_STRIP = NO;
				DEBUG_INFORMATION_FORMAT = dwarf;
				ENABLE_STRICT_OBJC_MSGSEND = YES;
				ENABLE_TESTABILITY = YES;
				GCC_C_LANGUAGE_STANDARD = gnu99;
				GCC_DYNAMIC_NO_PIC = NO;
				GCC_NO_COMMON_BLOCKS = YES;
				GCC_OPTIMIZATION_LEVEL = 0;
				GCC_PREPROCESSOR_DEFINITIONS = (
					"DEBUG=1",
					"$(inherited)",
				);
				GCC_WARN_64_TO_32_BIT_CONVERSION = YES;
				GCC_WARN_ABOUT_RETURN_TYPE = YES_ERROR;
				GCC_WARN_UNDECLARED_SELECTOR = YES;
				GCC_WARN_UNINITIALIZED_AUTOS = YES_AGGRESSIVE;
				GCC_WARN_UNUSED_FUNCTION = YES;
				GCC_WARN_UNUSED_VARIABLE = YES;
				IPHONEOS_DEPLOYMENT_TARGET = 9.0;
				MTL_ENABLE_DEBUG_INFO = YES;
				ONLY_ACTIVE_ARCH = YES;
				PRODUCT_BUNDLE_IDENTIFIER = ezae.RightManagement;
				PRODUCT_NAME = RightManagement;
				SDKROOT = iphoneos;
				SWIFT_ACTIVE_COMPILATION_CONDITIONS = DEBUG;
				SWIFT_OPTIMIZATION_LEVEL = "-Onone";
				TARGETED_DEVICE_FAMILY = "1,2";
			};
			name = Debug;
		};
		E66D5B361F8B7C220063EDEC /* Release */ = {
			isa = XCBuildConfiguration;
			buildSettings = {
				ALWAYS_SEARCH_USER_PATHS = NO;
				CLANG_ANALYZER_NONNULL = YES;
				CLANG_ANALYZER_NUMBER_OBJECT_CONVERSION = YES_AGGRESSIVE;
				CLANG_CXX_LANGUAGE_STANDARD = "gnu++0x";
				CLANG_CXX_LIBRARY = "libc++";
				CLANG_ENABLE_MODULES = YES;
				CLANG_ENABLE_OBJC_ARC = YES;
				CLANG_WARN_BOOL_CONVERSION = YES;
				CLANG_WARN_CONSTANT_CONVERSION = YES;
				CLANG_WARN_DIRECT_OBJC_ISA_USAGE = YES_ERROR;
				CLANG_WARN_DOCUMENTATION_COMMENTS = YES;
				CLANG_WARN_EMPTY_BODY = YES;
				CLANG_WARN_ENUM_CONVERSION = YES;
				CLANG_WARN_INFINITE_RECURSION = YES;
				CLANG_WARN_INT_CONVERSION = YES;
				CLANG_WARN_OBJC_ROOT_CLASS = YES_ERROR;
				CLANG_WARN_SUSPICIOUS_MOVE = YES;
				CLANG_WARN_UNREACHABLE_CODE = YES;
				CLANG_WARN__DUPLICATE_METHOD_MATCH = YES;
				"CODE_SIGN_IDENTITY[sdk=iphoneos*]" = "iPhone Developer";
				COPY_PHASE_STRIP = NO;
				DEBUG_INFORMATION_FORMAT = "dwarf-with-dsym";
				ENABLE_NS_ASSERTIONS = NO;
				ENABLE_STRICT_OBJC_MSGSEND = YES;
				GCC_C_LANGUAGE_STANDARD = gnu99;
				GCC_NO_COMMON_BLOCKS = YES;
				GCC_WARN_64_TO_32_BIT_CONVERSION = YES;
				GCC_WARN_ABOUT_RETURN_TYPE = YES_ERROR;
				GCC_WARN_UNDECLARED_SELECTOR = YES;
				GCC_WARN_UNINITIALIZED_AUTOS = YES_AGGRESSIVE;
				GCC_WARN_UNUSED_FUNCTION = YES;
				GCC_WARN_UNUSED_VARIABLE = YES;
				IPHONEOS_DEPLOYMENT_TARGET = 9.0;
				MTL_ENABLE_DEBUG_INFO = NO;
				PRODUCT_BUNDLE_IDENTIFIER = ezae.RightManagement;
				PRODUCT_NAME = RightManagement;
				SDKROOT = iphoneos;
				SWIFT_OPTIMIZATION_LEVEL = "-Owholemodule";
				TARGETED_DEVICE_FAMILY = "1,2";
				VALIDATE_PRODUCT = YES;
			};
			name = Release;
		};
		E66D5B381F8B7C220063EDEC /* Debug */ = {
			isa = XCBuildConfiguration;
			buildSettings = {
				ASSETCATALOG_COMPILER_APPICON_NAME = AppIcon;
				CODE_SIGN_ENTITLEMENTS = RightManagement/RightManagement.entitlements;
				DEVELOPMENT_TEAM = X2RLNL6C4P;
				INFOPLIST_FILE = RightManagement/Info.plist;
				LD_RUNPATH_SEARCH_PATHS = "$(inherited) @executable_path/Frameworks";
				PRODUCT_BUNDLE_IDENTIFIER = ezae.RightManagement;
				PRODUCT_NAME = "$(TARGET_NAME)";
				SWIFT_OBJC_BRIDGING_HEADER = "RightManagement-Bridging-Header.h";
				SWIFT_VERSION = 3.0;
			};
			name = Debug;
		};
		E66D5B391F8B7C220063EDEC /* Release */ = {
			isa = XCBuildConfiguration;
			buildSettings = {
				ASSETCATALOG_COMPILER_APPICON_NAME = AppIcon;
				CODE_SIGN_ENTITLEMENTS = RightManagement/RightManagement.entitlements;
				DEVELOPMENT_TEAM = X2RLNL6C4P;
				INFOPLIST_FILE = RightManagement/Info.plist;
				LD_RUNPATH_SEARCH_PATHS = "$(inherited) @executable_path/Frameworks";
				PRODUCT_BUNDLE_IDENTIFIER = ezae.RightManagement;
				PRODUCT_NAME = "$(TARGET_NAME)";
				SWIFT_OBJC_BRIDGING_HEADER = "RightManagement-Bridging-Header.h";
				SWIFT_VERSION = 3.0;
			};
			name = Release;
		};
/* End XCBuildConfiguration section */

/* Begin XCConfigurationList section */
		E66D5B201F8B7C220063EDEC /* Build configuration list for PBXProject "RightManagement" */ = {
			isa = XCConfigurationList;
			buildConfigurations = (
				E66D5B351F8B7C220063EDEC /* Debug */,
				E66D5B361F8B7C220063EDEC /* Release */,
			);
			defaultConfigurationIsVisible = 0;
			defaultConfigurationName = Release;
		};
		E66D5B371F8B7C220063EDEC /* Build configuration list for PBXNativeTarget "RightManagement" */ = {
			isa = XCConfigurationList;
			buildConfigurations = (
				E66D5B381F8B7C220063EDEC /* Debug */,
				E66D5B391F8B7C220063EDEC /* Release */,
			);
			defaultConfigurationIsVisible = 0;
			defaultConfigurationName = Release;
		};
/* End XCConfigurationList section */

/* Begin XCVersionGroup section */
		F639821F1FBB0B9200DA61B1 /* right.xcdatamodeld */ = {
			isa = XCVersionGroup;
			children = (
				F63982201FBB0B9200DA61B1 /* right.xcdatamodel */,
			);
			currentVersion = F63982201FBB0B9200DA61B1 /* right.xcdatamodel */;
			path = right.xcdatamodeld;
			sourceTree = "<group>";
			versionGroupType = wrapper.xcdatamodel;
		};
/* End XCVersionGroup section */
	};
	rootObject = E66D5B1D1F8B7C220063EDEC /* Project object */;
}
